
Microsoft Visual Studio Solution File, Format Version 12.00
# Visual Studio Version 17
VisualStudioVersion = 17.14.36429.23
MinimumVisualStudioVersion = 10.0.40219.1
Project("{FAE04EC0-301F-11D3-BF4B-00C04F79EFBC}") = "Airline.Domain", "Airline.Domain\Airline.Domain.csproj", "{9C210FF2-BC7A-452B-A767-796B05B28B5F}"
EndProject
Project("{FAE04EC0-301F-11D3-BF4B-00C04F79EFBC}") = "Airline.Tests", "Airline.Tests\Airline.Tests.csproj", "{442E3306-519F-43C4-BE5F-3D0C1030375C}"
EndProject
Project("{FAE04EC0-301F-11D3-BF4B-00C04F79EFBC}") = "Airline.API", "Airline.API\Airline.API.csproj", "{164B85C6-48DC-8BC4-40C3-B15FBF4FF7CE}"
	ProjectSection(ProjectDependencies) = postProject
		{ADAB2298-27CA-4829-ACFD-7EE2F3449C4D} = {ADAB2298-27CA-4829-ACFD-7EE2F3449C4D}
		{C4B91AE1-2F5A-460A-8972-96E43AAB20A4} = {C4B91AE1-2F5A-460A-8972-96E43AAB20A4}
	EndProjectSection
EndProject
Project("{FAE04EC0-301F-11D3-BF4B-00C04F79EFBC}") = "Airline.AppHost", "Airline.AppHost\Airline.AppHost.csproj", "{81042131-0127-41E1-BC0E-1353967C51D0}"
EndProject
Project("{FAE04EC0-301F-11D3-BF4B-00C04F79EFBC}") = "Airline.ServiceDefaults", "Airline.ServiceDefaults\Airline.ServiceDefaults.csproj", "{AB4A2E61-005D-D6AF-C18F-732B6C13F746}"
EndProject
Project("{FAE04EC0-301F-11D3-BF4B-00C04F79EFBC}") = "Airline.Infrastructure.EfCore", "Airline.Infrastructure.EfCore\Airline.Infrastructure.EfCore.csproj", "{5B693723-703C-4B13-9931-D3A82453FC81}"
	ProjectSection(ProjectDependencies) = postProject
		{9C210FF2-BC7A-452B-A767-796B05B28B5F} = {9C210FF2-BC7A-452B-A767-796B05B28B5F}
	EndProjectSection
EndProject
Project("{FAE04EC0-301F-11D3-BF4B-00C04F79EFBC}") = "Airline.Application.Contracts", "Airline.Application.Contracts\Airline.Application.Contracts.csproj", "{ADAB2298-27CA-4829-ACFD-7EE2F3449C4D}"
	ProjectSection(ProjectDependencies) = postProject
		{5B693723-703C-4B13-9931-D3A82453FC81} = {5B693723-703C-4B13-9931-D3A82453FC81}
	EndProjectSection
EndProject
Project("{FAE04EC0-301F-11D3-BF4B-00C04F79EFBC}") = "Airline.Application", "Airline.Application\Airline.Application.csproj", "{C4B91AE1-2F5A-460A-8972-96E43AAB20A4}"
EndProject
Global
	GlobalSection(SolutionConfigurationPlatforms) = preSolution
		Debug|Any CPU = Debug|Any CPU
		Release|Any CPU = Release|Any CPU
	EndGlobalSection
	GlobalSection(ProjectConfigurationPlatforms) = postSolution
		{9C210FF2-BC7A-452B-A767-796B05B28B5F}.Debug|Any CPU.ActiveCfg = Debug|Any CPU
		{9C210FF2-BC7A-452B-A767-796B05B28B5F}.Debug|Any CPU.Build.0 = Debug|Any CPU
		{9C210FF2-BC7A-452B-A767-796B05B28B5F}.Release|Any CPU.ActiveCfg = Release|Any CPU
		{9C210FF2-BC7A-452B-A767-796B05B28B5F}.Release|Any CPU.Build.0 = Release|Any CPU
		{442E3306-519F-43C4-BE5F-3D0C1030375C}.Debug|Any CPU.ActiveCfg = Debug|Any CPU
		{442E3306-519F-43C4-BE5F-3D0C1030375C}.Debug|Any CPU.Build.0 = Debug|Any CPU
		{442E3306-519F-43C4-BE5F-3D0C1030375C}.Release|Any CPU.ActiveCfg = Release|Any CPU
		{442E3306-519F-43C4-BE5F-3D0C1030375C}.Release|Any CPU.Build.0 = Release|Any CPU
		{164B85C6-48DC-8BC4-40C3-B15FBF4FF7CE}.Debug|Any CPU.ActiveCfg = Debug|Any CPU
		{164B85C6-48DC-8BC4-40C3-B15FBF4FF7CE}.Debug|Any CPU.Build.0 = Debug|Any CPU
		{164B85C6-48DC-8BC4-40C3-B15FBF4FF7CE}.Release|Any CPU.ActiveCfg = Release|Any CPU
		{164B85C6-48DC-8BC4-40C3-B15FBF4FF7CE}.Release|Any CPU.Build.0 = Release|Any CPU
		{81042131-0127-41E1-BC0E-1353967C51D0}.Debug|Any CPU.ActiveCfg = Debug|Any CPU
		{81042131-0127-41E1-BC0E-1353967C51D0}.Debug|Any CPU.Build.0 = Debug|Any CPU
		{81042131-0127-41E1-BC0E-1353967C51D0}.Release|Any CPU.ActiveCfg = Release|Any CPU
		{81042131-0127-41E1-BC0E-1353967C51D0}.Release|Any CPU.Build.0 = Release|Any CPU
		{AB4A2E61-005D-D6AF-C18F-732B6C13F746}.Debug|Any CPU.ActiveCfg = Debug|Any CPU
		{AB4A2E61-005D-D6AF-C18F-732B6C13F746}.Debug|Any CPU.Build.0 = Debug|Any CPU
		{AB4A2E61-005D-D6AF-C18F-732B6C13F746}.Release|Any CPU.ActiveCfg = Release|Any CPU
		{AB4A2E61-005D-D6AF-C18F-732B6C13F746}.Release|Any CPU.Build.0 = Release|Any CPU
		{5B693723-703C-4B13-9931-D3A82453FC81}.Debug|Any CPU.ActiveCfg = Debug|Any CPU
		{5B693723-703C-4B13-9931-D3A82453FC81}.Debug|Any CPU.Build.0 = Debug|Any CPU
		{5B693723-703C-4B13-9931-D3A82453FC81}.Release|Any CPU.ActiveCfg = Release|Any CPU
		{5B693723-703C-4B13-9931-D3A82453FC81}.Release|Any CPU.Build.0 = Release|Any CPU
		{ADAB2298-27CA-4829-ACFD-7EE2F3449C4D}.Debug|Any CPU.ActiveCfg = Debug|Any CPU
		{ADAB2298-27CA-4829-ACFD-7EE2F3449C4D}.Debug|Any CPU.Build.0 = Debug|Any CPU
		{ADAB2298-27CA-4829-ACFD-7EE2F3449C4D}.Release|Any CPU.ActiveCfg = Release|Any CPU
		{ADAB2298-27CA-4829-ACFD-7EE2F3449C4D}.Release|Any CPU.Build.0 = Release|Any CPU
		{C4B91AE1-2F5A-460A-8972-96E43AAB20A4}.Debug|Any CPU.ActiveCfg = Debug|Any CPU
		{C4B91AE1-2F5A-460A-8972-96E43AAB20A4}.Debug|Any CPU.Build.0 = Debug|Any CPU
		{C4B91AE1-2F5A-460A-8972-96E43AAB20A4}.Release|Any CPU.ActiveCfg = Release|Any CPU
		{C4B91AE1-2F5A-460A-8972-96E43AAB20A4}.Release|Any CPU.Build.0 = Release|Any CPU
	EndGlobalSection
	GlobalSection(SolutionProperties) = preSolution
		HideSolutionNode = FALSE
	EndGlobalSection
	GlobalSection(ExtensibilityGlobals) = postSolution
		SolutionGuid = {F7275DBE-60F4-4282-8438-A488841EF621}
	EndGlobalSection
EndGlobal
